
Microsoft Visual Studio Solution File, Format Version 12.00
# Visual Studio 2012
Project("{FAE04EC0-301F-11D3-BF4B-00C04F79EFBC}") = "WindowsDevelopmentInstaller", "WindowsDevelopmentInstaller\WindowsDevelopmentInstaller.csproj", "{8F519E27-B463-4914-95E7-37C763FD1B4D}"
EndProject
Global
	GlobalSection(SolutionConfigurationPlatforms) = preSolution
		Debug|Any CPU = Debug|Any CPU
		Release|Any CPU = Release|Any CPU
	EndGlobalSection
	GlobalSection(ProjectConfigurationPlatforms) = postSolution
		{8F519E27-B463-4914-95E7-37C763FD1B4D}.Debug|Any CPU.ActiveCfg = Debug|Any CPU
		{8F519E27-B463-4914-95E7-37C763FD1B4D}.Debug|Any CPU.Build.0 = Debug|Any CPU
		{8F519E27-B463-4914-95E7-37C763FD1B4D}.Release|Any CPU.ActiveCfg = Release|Any CPU
		{8F519E27-B463-4914-95E7-37C763FD1B4D}.Release|Any CPU.Build.0 = Release|Any CPU
	EndGlobalSection
	GlobalSection(SolutionProperties) = preSolution
		HideSolutionNode = FALSE
	EndGlobalSection
EndGlobal
